
Microsoft Visual Studio Solution File, Format Version 12.00
# Visual Studio 15
VisualStudioVersion = 15.0.28010.2050
MinimumVisualStudioVersion = 10.0.40219.1
Project("{FAE04EC0-301F-11D3-BF4B-00C04F79EFBC}") = "nrf.Web", "nrf.Web\nrf.Web.csproj", "{20E669D3-A90A-4181-B494-604CF1223F54}"
EndProject
Global
	GlobalSection(SolutionConfigurationPlatforms) = preSolution
		Debug|Any CPU = Debug|Any CPU
		LIVE|Any CPU = LIVE|Any CPU
		UAT|Any CPU = UAT|Any CPU
	EndGlobalSection
	GlobalSection(ProjectConfigurationPlatforms) = postSolution
		{20E669D3-A90A-4181-B494-604CF1223F54}.Debug|Any CPU.ActiveCfg = Debug|Any CPU
		{20E669D3-A90A-4181-B494-604CF1223F54}.Debug|Any CPU.Build.0 = Debug|Any CPU
		{20E669D3-A90A-4181-B494-604CF1223F54}.LIVE|Any CPU.ActiveCfg = LIVE|Any CPU
		{20E669D3-A90A-4181-B494-604CF1223F54}.LIVE|Any CPU.Build.0 = LIVE|Any CPU
		{20E669D3-A90A-4181-B494-604CF1223F54}.UAT|Any CPU.ActiveCfg = UAT|Any CPU
		{20E669D3-A90A-4181-B494-604CF1223F54}.UAT|Any CPU.Build.0 = UAT|Any CPU
	EndGlobalSection
	GlobalSection(SolutionProperties) = preSolution
		HideSolutionNode = FALSE
	EndGlobalSection
	GlobalSection(ExtensibilityGlobals) = postSolution
		SolutionGuid = {6F45B90E-3ACE-41A2-B05A-50AE8587ECF0}
	EndGlobalSection
EndGlobal
